// !$*UTF8*$!
{
	archiveVersion = 1;
	classes = {
	};
	objectVersion = 46;
	objects = {

/* Begin PBXBuildFile section */
		654C103B1D1E9027007F1EA1 /* AppDelegate.swift in Sources */ = {isa = PBXBuildFile; fileRef = 654C103A1D1E9027007F1EA1 /* AppDelegate.swift */; };
		654C103D1D1E9027007F1EA1 /* ViewController.swift in Sources */ = {isa = PBXBuildFile; fileRef = 654C103C1D1E9027007F1EA1 /* ViewController.swift */; };
		654C10401D1E9027007F1EA1 /* Main.storyboard in Resources */ = {isa = PBXBuildFile; fileRef = 654C103E1D1E9027007F1EA1 /* Main.storyboard */; };
		654C10421D1E9027007F1EA1 /* Assets.xcassets in Resources */ = {isa = PBXBuildFile; fileRef = 654C10411D1E9027007F1EA1 /* Assets.xcassets */; };
		654C10451D1E9027007F1EA1 /* LaunchScreen.storyboard in Resources */ = {isa = PBXBuildFile; fileRef = 654C10431D1E9027007F1EA1 /* LaunchScreen.storyboard */; };
		654C10501D1E9027007F1EA1 /* swift_lintcodeTests.swift in Sources */ = {isa = PBXBuildFile; fileRef = 654C104F1D1E9027007F1EA1 /* swift_lintcodeTests.swift */; };
		65EDBE5F1D1F90B10074FAE6 /* LCAnagramsTest.swift in Sources */ = {isa = PBXBuildFile; fileRef = 65EDBE5E1D1F90B10074FAE6 /* LCAnagramsTest.swift */; };
		65EDBE641D1FA1150074FAE6 /* LCCompareStringsTest.swift in Sources */ = {isa = PBXBuildFile; fileRef = 65EDBE631D1FA1150074FAE6 /* LCCompareStringsTest.swift */; };
		65EDBE691D1FAD210074FAE6 /* LCStrStrTest.swift in Sources */ = {isa = PBXBuildFile; fileRef = 65EDBE681D1FAD210074FAE6 /* LCStrStrTest.swift */; };
		65EDBE7D1D20C0E90074FAE6 /* LCRemoveElementTest.swift in Sources */ = {isa = PBXBuildFile; fileRef = 65EDBE7C1D20C0E90074FAE6 /* LCRemoveElementTest.swift */; };
		65EDBE821D20C45A0074FAE6 /* LCSubarraySumTest.swift in Sources */ = {isa = PBXBuildFile; fileRef = 65EDBE811D20C45A0074FAE6 /* LCSubarraySumTest.swift */; };
		65EDBE881D20E73D0074FAE6 /* LCRemoveDuplicatesTest.swift in Sources */ = {isa = PBXBuildFile; fileRef = 65EDBE871D20E73D0074FAE6 /* LCRemoveDuplicatesTest.swift */; };
		65EDBEE21D21F9230074FAE6 /* LCSearch2DMatrixTest.swift in Sources */ = {isa = PBXBuildFile; fileRef = 65EDBEE11D21F9230074FAE6 /* LCSearch2DMatrixTest.swift */; };
		65EDBEED1D21FA420074FAE6 /* LCRemoveDuplicates.swift in Sources */ = {isa = PBXBuildFile; fileRef = 65EDBEE41D21FA420074FAE6 /* LCRemoveDuplicates.swift */; };
		65EDBEEE1D21FA420074FAE6 /* LCRemoveElement.swift in Sources */ = {isa = PBXBuildFile; fileRef = 65EDBEE51D21FA420074FAE6 /* LCRemoveElement.swift */; };
		65EDBEEF1D21FA420074FAE6 /* LCSubarraySum.swift in Sources */ = {isa = PBXBuildFile; fileRef = 65EDBEE61D21FA420074FAE6 /* LCSubarraySum.swift */; };
		65EDBEF01D21FA420074FAE6 /* LCSearch2DMatrix.swift in Sources */ = {isa = PBXBuildFile; fileRef = 65EDBEE81D21FA420074FAE6 /* LCSearch2DMatrix.swift */; };
		65EDBEF11D21FA420074FAE6 /* LCAnagrams.swift in Sources */ = {isa = PBXBuildFile; fileRef = 65EDBEEA1D21FA420074FAE6 /* LCAnagrams.swift */; };
		65EDBEF21D21FA420074FAE6 /* LCCompareStrings.swift in Sources */ = {isa = PBXBuildFile; fileRef = 65EDBEEB1D21FA420074FAE6 /* LCCompareStrings.swift */; };
		65EDBEF31D21FA420074FAE6 /* LCStrStr.swift in Sources */ = {isa = PBXBuildFile; fileRef = 65EDBEEC1D21FA420074FAE6 /* LCStrStr.swift */; };
		65EDBEF51D2202FD0074FAE6 /* LCFirstPosition.swift in Sources */ = {isa = PBXBuildFile; fileRef = 65EDBEF41D2202FD0074FAE6 /* LCFirstPosition.swift */; };
		65EDBEF71D2204DF0074FAE6 /* LCFirstPositionTest.swift in Sources */ = {isa = PBXBuildFile; fileRef = 65EDBEF61D2204DF0074FAE6 /* LCFirstPositionTest.swift */; };
		65EDBEF81D2204E20074FAE6 /* LCFirstPosition.swift in Sources */ = {isa = PBXBuildFile; fileRef = 65EDBEF41D2202FD0074FAE6 /* LCFirstPosition.swift */; };
		65EDBEF91D220A2C0074FAE6 /* LCRemoveDuplicates.swift in Sources */ = {isa = PBXBuildFile; fileRef = 65EDBEE41D21FA420074FAE6 /* LCRemoveDuplicates.swift */; };
		65EDBEFA1D220A2E0074FAE6 /* LCRemoveElement.swift in Sources */ = {isa = PBXBuildFile; fileRef = 65EDBEE51D21FA420074FAE6 /* LCRemoveElement.swift */; };
		65EDBEFB1D220A310074FAE6 /* LCSubarraySum.swift in Sources */ = {isa = PBXBuildFile; fileRef = 65EDBEE61D21FA420074FAE6 /* LCSubarraySum.swift */; };
		65EDBEFC1D220A340074FAE6 /* LCSearch2DMatrix.swift in Sources */ = {isa = PBXBuildFile; fileRef = 65EDBEE81D21FA420074FAE6 /* LCSearch2DMatrix.swift */; };
		65EDBEFD1D220A380074FAE6 /* LCAnagrams.swift in Sources */ = {isa = PBXBuildFile; fileRef = 65EDBEEA1D21FA420074FAE6 /* LCAnagrams.swift */; };
		65EDBEFE1D220A3A0074FAE6 /* LCCompareStrings.swift in Sources */ = {isa = PBXBuildFile; fileRef = 65EDBEEB1D21FA420074FAE6 /* LCCompareStrings.swift */; };
		65EDBEFF1D220A3D0074FAE6 /* LCStrStr.swift in Sources */ = {isa = PBXBuildFile; fileRef = 65EDBEEC1D21FA420074FAE6 /* LCStrStr.swift */; };
		65EDBF0C1D2245440074FAE6 /* LCFindMinimum.swift in Sources */ = {isa = PBXBuildFile; fileRef = 65EDBF0B1D2245440074FAE6 /* LCFindMinimum.swift */; };
		65EDBF0E1D22463E0074FAE6 /* LCFindMinimumTest.swift in Sources */ = {isa = PBXBuildFile; fileRef = 65EDBF0D1D22463E0074FAE6 /* LCFindMinimumTest.swift */; };
		65EDBF0F1D22465B0074FAE6 /* LCFindMinimum.swift in Sources */ = {isa = PBXBuildFile; fileRef = 65EDBF0B1D2245440074FAE6 /* LCFindMinimum.swift */; };
		65EDBF111D22473F0074FAE6 /* LCFindPeakElement.swift in Sources */ = {isa = PBXBuildFile; fileRef = 65EDBF101D22473F0074FAE6 /* LCFindPeakElement.swift */; };
		65EDBF131D22482A0074FAE6 /* LCFindPeakElementTest.swift in Sources */ = {isa = PBXBuildFile; fileRef = 65EDBF121D22482A0074FAE6 /* LCFindPeakElementTest.swift */; };
		65EDBF141D2248330074FAE6 /* LCFindPeakElement.swift in Sources */ = {isa = PBXBuildFile; fileRef = 65EDBF101D22473F0074FAE6 /* LCFindPeakElement.swift */; };
		65EDBF171D2288150074FAE6 /* LCFlipBits.swift in Sources */ = {isa = PBXBuildFile; fileRef = 65EDBF161D2288150074FAE6 /* LCFlipBits.swift */; };
		65EDBF191D228AB80074FAE6 /* LCFlipBitsTest.swift in Sources */ = {isa = PBXBuildFile; fileRef = 65EDBF181D228AB80074FAE6 /* LCFlipBitsTest.swift */; };
		65EDBF1A1D228B2E0074FAE6 /* LCFlipBits.swift in Sources */ = {isa = PBXBuildFile; fileRef = 65EDBF161D2288150074FAE6 /* LCFlipBits.swift */; };
		65EDBF1C1D228BE60074FAE6 /* LCCheckPowerOf2.swift in Sources */ = {isa = PBXBuildFile; fileRef = 65EDBF1B1D228BE60074FAE6 /* LCCheckPowerOf2.swift */; };
		65EDBF1E1D228C860074FAE6 /* LCCheckPowerOf2Test.swift in Sources */ = {isa = PBXBuildFile; fileRef = 65EDBF1D1D228C860074FAE6 /* LCCheckPowerOf2Test.swift */; };
		65EDBF1F1D228CFB0074FAE6 /* LCCheckPowerOf2.swift in Sources */ = {isa = PBXBuildFile; fileRef = 65EDBF1B1D228BE60074FAE6 /* LCCheckPowerOf2.swift */; };
		65EDBF211D228DEA0074FAE6 /* LCUniquePaths.swift in Sources */ = {isa = PBXBuildFile; fileRef = 65EDBF201D228DEA0074FAE6 /* LCUniquePaths.swift */; };
		65EDBF221D2293A20074FAE6 /* LCUniquePaths.swift in Sources */ = {isa = PBXBuildFile; fileRef = 65EDBF201D228DEA0074FAE6 /* LCUniquePaths.swift */; };
		65EDBF241D2293B40074FAE6 /* LCUniquePathsTest.swift in Sources */ = {isa = PBXBuildFile; fileRef = 65EDBF231D2293B40074FAE6 /* LCUniquePathsTest.swift */; };
		65EDBF281D2298560074FAE6 /* LCLinkedListNode.swift in Sources */ = {isa = PBXBuildFile; fileRef = 65EDBF271D2298560074FAE6 /* LCLinkedListNode.swift */; };
		65EDBF2A1D2299620074FAE6 /* LCRemoveNodeFromList.swift in Sources */ = {isa = PBXBuildFile; fileRef = 65EDBF291D2299620074FAE6 /* LCRemoveNodeFromList.swift */; };
		65EDBF2B1D2299620074FAE6 /* LCRemoveNodeFromList.swift in Sources */ = {isa = PBXBuildFile; fileRef = 65EDBF291D2299620074FAE6 /* LCRemoveNodeFromList.swift */; };
		65EDBF2D1D23162B0074FAE6 /* LCLinkedList.swift in Sources */ = {isa = PBXBuildFile; fileRef = 65EDBF2C1D23162B0074FAE6 /* LCLinkedList.swift */; };
		65EDBF2E1D23162B0074FAE6 /* LCLinkedList.swift in Sources */ = {isa = PBXBuildFile; fileRef = 65EDBF2C1D23162B0074FAE6 /* LCLinkedList.swift */; };
		65EDBF301D23221A0074FAE6 /* LCRemoveNodeFromListTest.swift in Sources */ = {isa = PBXBuildFile; fileRef = 65EDBF2F1D23221A0074FAE6 /* LCRemoveNodeFromListTest.swift */; };
		65EDBF311D2323BE0074FAE6 /* LCLinkedListNode.swift in Sources */ = {isa = PBXBuildFile; fileRef = 65EDBF271D2298560074FAE6 /* LCLinkedListNode.swift */; };
		65EDBF331D234BE30074FAE6 /* LCMergeTwoLists.swift in Sources */ = {isa = PBXBuildFile; fileRef = 65EDBF321D234BE30074FAE6 /* LCMergeTwoLists.swift */; };
		65EDBF351D2351AD0074FAE6 /* LCMergeTwoListsTest.swift in Sources */ = {isa = PBXBuildFile; fileRef = 65EDBF341D2351AD0074FAE6 /* LCMergeTwoListsTest.swift */; };
		65EDBF361D2353BE0074FAE6 /* LCMergeTwoLists.swift in Sources */ = {isa = PBXBuildFile; fileRef = 65EDBF321D234BE30074FAE6 /* LCMergeTwoLists.swift */; };
		65EDBF381D2354EC0074FAE6 /* LCRemoveDuplicatesFromList.swift in Sources */ = {isa = PBXBuildFile; fileRef = 65EDBF371D2354EC0074FAE6 /* LCRemoveDuplicatesFromList.swift */; };
		65EDBF391D237FCF0074FAE6 /* LCRemoveDuplicatesFromList.swift in Sources */ = {isa = PBXBuildFile; fileRef = 65EDBF371D2354EC0074FAE6 /* LCRemoveDuplicatesFromList.swift */; };
		65EDBF3B1D2380630074FAE6 /* LCRemoveDuplicatesFromListTest.swift in Sources */ = {isa = PBXBuildFile; fileRef = 65EDBF3A1D2380630074FAE6 /* LCRemoveDuplicatesFromListTest.swift */; };
/* End PBXBuildFile section */

/* Begin PBXContainerItemProxy section */
		654C104C1D1E9027007F1EA1 /* PBXContainerItemProxy */ = {
			isa = PBXContainerItemProxy;
			containerPortal = 654C102F1D1E9027007F1EA1 /* Project object */;
			proxyType = 1;
			remoteGlobalIDString = 654C10361D1E9027007F1EA1;
			remoteInfo = "swift-lintcode";
		};
/* End PBXContainerItemProxy section */

/* Begin PBXFileReference section */
		654C10371D1E9027007F1EA1 /* swift-lintcode.app */ = {isa = PBXFileReference; explicitFileType = wrapper.application; includeInIndex = 0; path = "swift-lintcode.app"; sourceTree = BUILT_PRODUCTS_DIR; };
		654C103A1D1E9027007F1EA1 /* AppDelegate.swift */ = {isa = PBXFileReference; lastKnownFileType = sourcecode.swift; path = AppDelegate.swift; sourceTree = "<group>"; };
		654C103C1D1E9027007F1EA1 /* ViewController.swift */ = {isa = PBXFileReference; lastKnownFileType = sourcecode.swift; path = ViewController.swift; sourceTree = "<group>"; };
		654C103F1D1E9027007F1EA1 /* Base */ = {isa = PBXFileReference; lastKnownFileType = file.storyboard; name = Base; path = Base.lproj/Main.storyboard; sourceTree = "<group>"; };
		654C10411D1E9027007F1EA1 /* Assets.xcassets */ = {isa = PBXFileReference; lastKnownFileType = folder.assetcatalog; path = Assets.xcassets; sourceTree = "<group>"; };
		654C10441D1E9027007F1EA1 /* Base */ = {isa = PBXFileReference; lastKnownFileType = file.storyboard; name = Base; path = Base.lproj/LaunchScreen.storyboard; sourceTree = "<group>"; };
		654C10461D1E9027007F1EA1 /* Info.plist */ = {isa = PBXFileReference; lastKnownFileType = text.plist.xml; path = Info.plist; sourceTree = "<group>"; };
		654C104B1D1E9027007F1EA1 /* swift-lintcodeTests.xctest */ = {isa = PBXFileReference; explicitFileType = wrapper.cfbundle; includeInIndex = 0; path = "swift-lintcodeTests.xctest"; sourceTree = BUILT_PRODUCTS_DIR; };
		654C104F1D1E9027007F1EA1 /* swift_lintcodeTests.swift */ = {isa = PBXFileReference; lastKnownFileType = sourcecode.swift; path = swift_lintcodeTests.swift; sourceTree = "<group>"; };
		654C10511D1E9027007F1EA1 /* Info.plist */ = {isa = PBXFileReference; lastKnownFileType = text.plist.xml; path = Info.plist; sourceTree = "<group>"; };
		65EDBE5E1D1F90B10074FAE6 /* LCAnagramsTest.swift */ = {isa = PBXFileReference; fileEncoding = 4; lastKnownFileType = sourcecode.swift; path = LCAnagramsTest.swift; sourceTree = "<group>"; };
		65EDBE631D1FA1150074FAE6 /* LCCompareStringsTest.swift */ = {isa = PBXFileReference; fileEncoding = 4; lastKnownFileType = sourcecode.swift; path = LCCompareStringsTest.swift; sourceTree = "<group>"; };
		65EDBE681D1FAD210074FAE6 /* LCStrStrTest.swift */ = {isa = PBXFileReference; fileEncoding = 4; lastKnownFileType = sourcecode.swift; path = LCStrStrTest.swift; sourceTree = "<group>"; };
		65EDBE7C1D20C0E90074FAE6 /* LCRemoveElementTest.swift */ = {isa = PBXFileReference; fileEncoding = 4; lastKnownFileType = sourcecode.swift; path = LCRemoveElementTest.swift; sourceTree = "<group>"; };
		65EDBE811D20C45A0074FAE6 /* LCSubarraySumTest.swift */ = {isa = PBXFileReference; fileEncoding = 4; lastKnownFileType = sourcecode.swift; path = LCSubarraySumTest.swift; sourceTree = "<group>"; };
		65EDBE871D20E73D0074FAE6 /* LCRemoveDuplicatesTest.swift */ = {isa = PBXFileReference; fileEncoding = 4; lastKnownFileType = sourcecode.swift; path = LCRemoveDuplicatesTest.swift; sourceTree = "<group>"; };
		65EDBEE11D21F9230074FAE6 /* LCSearch2DMatrixTest.swift */ = {isa = PBXFileReference; fileEncoding = 4; lastKnownFileType = sourcecode.swift; path = LCSearch2DMatrixTest.swift; sourceTree = "<group>"; };
		65EDBEE41D21FA420074FAE6 /* LCRemoveDuplicates.swift */ = {isa = PBXFileReference; fileEncoding = 4; lastKnownFileType = sourcecode.swift; path = LCRemoveDuplicates.swift; sourceTree = "<group>"; };
		65EDBEE51D21FA420074FAE6 /* LCRemoveElement.swift */ = {isa = PBXFileReference; fileEncoding = 4; lastKnownFileType = sourcecode.swift; path = LCRemoveElement.swift; sourceTree = "<group>"; };
		65EDBEE61D21FA420074FAE6 /* LCSubarraySum.swift */ = {isa = PBXFileReference; fileEncoding = 4; lastKnownFileType = sourcecode.swift; path = LCSubarraySum.swift; sourceTree = "<group>"; };
		65EDBEE81D21FA420074FAE6 /* LCSearch2DMatrix.swift */ = {isa = PBXFileReference; fileEncoding = 4; lastKnownFileType = sourcecode.swift; path = LCSearch2DMatrix.swift; sourceTree = "<group>"; };
		65EDBEEA1D21FA420074FAE6 /* LCAnagrams.swift */ = {isa = PBXFileReference; fileEncoding = 4; lastKnownFileType = sourcecode.swift; path = LCAnagrams.swift; sourceTree = "<group>"; };
		65EDBEEB1D21FA420074FAE6 /* LCCompareStrings.swift */ = {isa = PBXFileReference; fileEncoding = 4; lastKnownFileType = sourcecode.swift; path = LCCompareStrings.swift; sourceTree = "<group>"; };
		65EDBEEC1D21FA420074FAE6 /* LCStrStr.swift */ = {isa = PBXFileReference; fileEncoding = 4; lastKnownFileType = sourcecode.swift; path = LCStrStr.swift; sourceTree = "<group>"; };
		65EDBEF41D2202FD0074FAE6 /* LCFirstPosition.swift */ = {isa = PBXFileReference; fileEncoding = 4; lastKnownFileType = sourcecode.swift; path = LCFirstPosition.swift; sourceTree = "<group>"; };
		65EDBEF61D2204DF0074FAE6 /* LCFirstPositionTest.swift */ = {isa = PBXFileReference; fileEncoding = 4; lastKnownFileType = sourcecode.swift; path = LCFirstPositionTest.swift; sourceTree = "<group>"; };
		65EDBF0B1D2245440074FAE6 /* LCFindMinimum.swift */ = {isa = PBXFileReference; fileEncoding = 4; lastKnownFileType = sourcecode.swift; path = LCFindMinimum.swift; sourceTree = "<group>"; };
		65EDBF0D1D22463E0074FAE6 /* LCFindMinimumTest.swift */ = {isa = PBXFileReference; fileEncoding = 4; lastKnownFileType = sourcecode.swift; path = LCFindMinimumTest.swift; sourceTree = "<group>"; };
		65EDBF101D22473F0074FAE6 /* LCFindPeakElement.swift */ = {isa = PBXFileReference; fileEncoding = 4; lastKnownFileType = sourcecode.swift; path = LCFindPeakElement.swift; sourceTree = "<group>"; };
		65EDBF121D22482A0074FAE6 /* LCFindPeakElementTest.swift */ = {isa = PBXFileReference; fileEncoding = 4; lastKnownFileType = sourcecode.swift; path = LCFindPeakElementTest.swift; sourceTree = "<group>"; };
		65EDBF161D2288150074FAE6 /* LCFlipBits.swift */ = {isa = PBXFileReference; fileEncoding = 4; lastKnownFileType = sourcecode.swift; path = LCFlipBits.swift; sourceTree = "<group>"; };
		65EDBF181D228AB80074FAE6 /* LCFlipBitsTest.swift */ = {isa = PBXFileReference; fileEncoding = 4; lastKnownFileType = sourcecode.swift; path = LCFlipBitsTest.swift; sourceTree = "<group>"; };
		65EDBF1B1D228BE60074FAE6 /* LCCheckPowerOf2.swift */ = {isa = PBXFileReference; fileEncoding = 4; lastKnownFileType = sourcecode.swift; path = LCCheckPowerOf2.swift; sourceTree = "<group>"; };
		65EDBF1D1D228C860074FAE6 /* LCCheckPowerOf2Test.swift */ = {isa = PBXFileReference; fileEncoding = 4; lastKnownFileType = sourcecode.swift; path = LCCheckPowerOf2Test.swift; sourceTree = "<group>"; };
		65EDBF201D228DEA0074FAE6 /* LCUniquePaths.swift */ = {isa = PBXFileReference; fileEncoding = 4; lastKnownFileType = sourcecode.swift; path = LCUniquePaths.swift; sourceTree = "<group>"; };
		65EDBF231D2293B40074FAE6 /* LCUniquePathsTest.swift */ = {isa = PBXFileReference; fileEncoding = 4; lastKnownFileType = sourcecode.swift; path = LCUniquePathsTest.swift; sourceTree = "<group>"; };
		65EDBF271D2298560074FAE6 /* LCLinkedListNode.swift */ = {isa = PBXFileReference; fileEncoding = 4; lastKnownFileType = sourcecode.swift; path = LCLinkedListNode.swift; sourceTree = "<group>"; };
		65EDBF291D2299620074FAE6 /* LCRemoveNodeFromList.swift */ = {isa = PBXFileReference; fileEncoding = 4; lastKnownFileType = sourcecode.swift; path = LCRemoveNodeFromList.swift; sourceTree = "<group>"; };
		65EDBF2C1D23162B0074FAE6 /* LCLinkedList.swift */ = {isa = PBXFileReference; fileEncoding = 4; lastKnownFileType = sourcecode.swift; path = LCLinkedList.swift; sourceTree = "<group>"; };
		65EDBF2F1D23221A0074FAE6 /* LCRemoveNodeFromListTest.swift */ = {isa = PBXFileReference; fileEncoding = 4; lastKnownFileType = sourcecode.swift; path = LCRemoveNodeFromListTest.swift; sourceTree = "<group>"; };
		65EDBF321D234BE30074FAE6 /* LCMergeTwoLists.swift */ = {isa = PBXFileReference; fileEncoding = 4; lastKnownFileType = sourcecode.swift; path = LCMergeTwoLists.swift; sourceTree = "<group>"; };
		65EDBF341D2351AD0074FAE6 /* LCMergeTwoListsTest.swift */ = {isa = PBXFileReference; fileEncoding = 4; lastKnownFileType = sourcecode.swift; path = LCMergeTwoListsTest.swift; sourceTree = "<group>"; };
		65EDBF371D2354EC0074FAE6 /* LCRemoveDuplicatesFromList.swift */ = {isa = PBXFileReference; fileEncoding = 4; lastKnownFileType = sourcecode.swift; path = LCRemoveDuplicatesFromList.swift; sourceTree = "<group>"; };
		65EDBF3A1D2380630074FAE6 /* LCRemoveDuplicatesFromListTest.swift */ = {isa = PBXFileReference; fileEncoding = 4; lastKnownFileType = sourcecode.swift; path = LCRemoveDuplicatesFromListTest.swift; sourceTree = "<group>"; };
/* End PBXFileReference section */

/* Begin PBXFrameworksBuildPhase section */
		654C10341D1E9027007F1EA1 /* Frameworks */ = {
			isa = PBXFrameworksBuildPhase;
			buildActionMask = 2147483647;
			files = (
			);
			runOnlyForDeploymentPostprocessing = 0;
		};
		654C10481D1E9027007F1EA1 /* Frameworks */ = {
			isa = PBXFrameworksBuildPhase;
			buildActionMask = 2147483647;
			files = (
			);
			runOnlyForDeploymentPostprocessing = 0;
		};
/* End PBXFrameworksBuildPhase section */

/* Begin PBXGroup section */
		654C102E1D1E9027007F1EA1 = {
			isa = PBXGroup;
			children = (
				654C10391D1E9027007F1EA1 /* swift-lintcode */,
				654C104E1D1E9027007F1EA1 /* swift-lintcodeTests */,
				654C10381D1E9027007F1EA1 /* Products */,
			);
			sourceTree = "<group>";
		};
		654C10381D1E9027007F1EA1 /* Products */ = {
			isa = PBXGroup;
			children = (
				654C10371D1E9027007F1EA1 /* swift-lintcode.app */,
				654C104B1D1E9027007F1EA1 /* swift-lintcodeTests.xctest */,
			);
			name = Products;
			sourceTree = "<group>";
		};
		654C10391D1E9027007F1EA1 /* swift-lintcode */ = {
			isa = PBXGroup;
			children = (
				65EDBF251D22969F0074FAE6 /* Linked List */,
				65EDBF151D2288000074FAE6 /* Math & Bit Manipulation */,
				65EDBEE31D21FA420074FAE6 /* Integer Array */,
				65EDBEE71D21FA420074FAE6 /* Binary Search */,
				65EDBEE91D21FA420074FAE6 /* String */,
				654C103A1D1E9027007F1EA1 /* AppDelegate.swift */,
				654C103C1D1E9027007F1EA1 /* ViewController.swift */,
				654C103E1D1E9027007F1EA1 /* Main.storyboard */,
				654C10411D1E9027007F1EA1 /* Assets.xcassets */,
				654C10431D1E9027007F1EA1 /* LaunchScreen.storyboard */,
				654C10461D1E9027007F1EA1 /* Info.plist */,
			);
			path = "swift-lintcode";
			sourceTree = "<group>";
		};
		654C104E1D1E9027007F1EA1 /* swift-lintcodeTests */ = {
			isa = PBXGroup;
			children = (
				654C104F1D1E9027007F1EA1 /* swift_lintcodeTests.swift */,
				654C10511D1E9027007F1EA1 /* Info.plist */,
				65EDBE5E1D1F90B10074FAE6 /* LCAnagramsTest.swift */,
				65EDBE631D1FA1150074FAE6 /* LCCompareStringsTest.swift */,
				65EDBE681D1FAD210074FAE6 /* LCStrStrTest.swift */,
				65EDBE7C1D20C0E90074FAE6 /* LCRemoveElementTest.swift */,
				65EDBE811D20C45A0074FAE6 /* LCSubarraySumTest.swift */,
				65EDBE871D20E73D0074FAE6 /* LCRemoveDuplicatesTest.swift */,
				65EDBEE11D21F9230074FAE6 /* LCSearch2DMatrixTest.swift */,
				65EDBEF61D2204DF0074FAE6 /* LCFirstPositionTest.swift */,
				65EDBF0D1D22463E0074FAE6 /* LCFindMinimumTest.swift */,
				65EDBF121D22482A0074FAE6 /* LCFindPeakElementTest.swift */,
				65EDBF181D228AB80074FAE6 /* LCFlipBitsTest.swift */,
				65EDBF1D1D228C860074FAE6 /* LCCheckPowerOf2Test.swift */,
				65EDBF231D2293B40074FAE6 /* LCUniquePathsTest.swift */,
				65EDBF2F1D23221A0074FAE6 /* LCRemoveNodeFromListTest.swift */,
				65EDBF341D2351AD0074FAE6 /* LCMergeTwoListsTest.swift */,
				65EDBF3A1D2380630074FAE6 /* LCRemoveDuplicatesFromListTest.swift */,
			);
			path = "swift-lintcodeTests";
			sourceTree = "<group>";
		};
		65EDBEE31D21FA420074FAE6 /* Integer Array */ = {
			isa = PBXGroup;
			children = (
				65EDBEE41D21FA420074FAE6 /* LCRemoveDuplicates.swift */,
				65EDBEE51D21FA420074FAE6 /* LCRemoveElement.swift */,
				65EDBEE61D21FA420074FAE6 /* LCSubarraySum.swift */,
			);
			path = "Integer Array";
			sourceTree = "<group>";
		};
		65EDBEE71D21FA420074FAE6 /* Binary Search */ = {
			isa = PBXGroup;
			children = (
				65EDBEE81D21FA420074FAE6 /* LCSearch2DMatrix.swift */,
				65EDBEF41D2202FD0074FAE6 /* LCFirstPosition.swift */,
				65EDBF0B1D2245440074FAE6 /* LCFindMinimum.swift */,
				65EDBF101D22473F0074FAE6 /* LCFindPeakElement.swift */,
			);
			path = "Binary Search";
			sourceTree = "<group>";
		};
		65EDBEE91D21FA420074FAE6 /* String */ = {
			isa = PBXGroup;
			children = (
				65EDBEEA1D21FA420074FAE6 /* LCAnagrams.swift */,
				65EDBEEB1D21FA420074FAE6 /* LCCompareStrings.swift */,
				65EDBEEC1D21FA420074FAE6 /* LCStrStr.swift */,
			);
			path = String;
			sourceTree = "<group>";
		};
		65EDBF151D2288000074FAE6 /* Math & Bit Manipulation */ = {
			isa = PBXGroup;
			children = (
				65EDBF161D2288150074FAE6 /* LCFlipBits.swift */,
				65EDBF1B1D228BE60074FAE6 /* LCCheckPowerOf2.swift */,
				65EDBF201D228DEA0074FAE6 /* LCUniquePaths.swift */,
			);
			path = "Math & Bit Manipulation";
			sourceTree = "<group>";
		};
		65EDBF251D22969F0074FAE6 /* Linked List */ = {
			isa = PBXGroup;
			children = (
				65EDBF261D2296CC0074FAE6 /* Data Structure */,
				65EDBF291D2299620074FAE6 /* LCRemoveNodeFromList.swift */,
				65EDBF321D234BE30074FAE6 /* LCMergeTwoLists.swift */,
				65EDBF371D2354EC0074FAE6 /* LCRemoveDuplicatesFromList.swift */,
			);
			path = "Linked List";
			sourceTree = "<group>";
		};
		65EDBF261D2296CC0074FAE6 /* Data Structure */ = {
			isa = PBXGroup;
			children = (
				65EDBF271D2298560074FAE6 /* LCLinkedListNode.swift */,
				65EDBF2C1D23162B0074FAE6 /* LCLinkedList.swift */,
			);
			path = "Data Structure";
			sourceTree = "<group>";
		};
/* End PBXGroup section */

/* Begin PBXNativeTarget section */
		654C10361D1E9027007F1EA1 /* swift-lintcode */ = {
			isa = PBXNativeTarget;
			buildConfigurationList = 654C10541D1E9027007F1EA1 /* Build configuration list for PBXNativeTarget "swift-lintcode" */;
			buildPhases = (
				654C10331D1E9027007F1EA1 /* Sources */,
				654C10341D1E9027007F1EA1 /* Frameworks */,
				654C10351D1E9027007F1EA1 /* Resources */,
			);
			buildRules = (
			);
			dependencies = (
			);
			name = "swift-lintcode";
			productName = "swift-lintcode";
			productReference = 654C10371D1E9027007F1EA1 /* swift-lintcode.app */;
			productType = "com.apple.product-type.application";
		};
		654C104A1D1E9027007F1EA1 /* swift-lintcodeTests */ = {
			isa = PBXNativeTarget;
			buildConfigurationList = 654C10571D1E9027007F1EA1 /* Build configuration list for PBXNativeTarget "swift-lintcodeTests" */;
			buildPhases = (
				654C10471D1E9027007F1EA1 /* Sources */,
				654C10481D1E9027007F1EA1 /* Frameworks */,
				654C10491D1E9027007F1EA1 /* Resources */,
			);
			buildRules = (
			);
			dependencies = (
				654C104D1D1E9027007F1EA1 /* PBXTargetDependency */,
			);
			name = "swift-lintcodeTests";
			productName = "swift-lintcodeTests";
			productReference = 654C104B1D1E9027007F1EA1 /* swift-lintcodeTests.xctest */;
			productType = "com.apple.product-type.bundle.unit-test";
		};
/* End PBXNativeTarget section */

/* Begin PBXProject section */
		654C102F1D1E9027007F1EA1 /* Project object */ = {
			isa = PBXProject;
			attributes = {
				LastSwiftUpdateCheck = 0730;
				LastUpgradeCheck = 0730;
				ORGANIZATIONNAME = "Core Apps Pty Ltd";
				TargetAttributes = {
					654C10361D1E9027007F1EA1 = {
						CreatedOnToolsVersion = 7.3;
					};
					654C104A1D1E9027007F1EA1 = {
						CreatedOnToolsVersion = 7.3;
						TestTargetID = 654C10361D1E9027007F1EA1;
					};
				};
			};
			buildConfigurationList = 654C10321D1E9027007F1EA1 /* Build configuration list for PBXProject "swift-lintcode" */;
			compatibilityVersion = "Xcode 3.2";
			developmentRegion = English;
			hasScannedForEncodings = 0;
			knownRegions = (
				en,
				Base,
			);
			mainGroup = 654C102E1D1E9027007F1EA1;
			productRefGroup = 654C10381D1E9027007F1EA1 /* Products */;
			projectDirPath = "";
			projectRoot = "";
			targets = (
				654C10361D1E9027007F1EA1 /* swift-lintcode */,
				654C104A1D1E9027007F1EA1 /* swift-lintcodeTests */,
			);
		};
/* End PBXProject section */

/* Begin PBXResourcesBuildPhase section */
		654C10351D1E9027007F1EA1 /* Resources */ = {
			isa = PBXResourcesBuildPhase;
			buildActionMask = 2147483647;
			files = (
				654C10451D1E9027007F1EA1 /* LaunchScreen.storyboard in Resources */,
				654C10421D1E9027007F1EA1 /* Assets.xcassets in Resources */,
				654C10401D1E9027007F1EA1 /* Main.storyboard in Resources */,
			);
			runOnlyForDeploymentPostprocessing = 0;
		};
		654C10491D1E9027007F1EA1 /* Resources */ = {
			isa = PBXResourcesBuildPhase;
			buildActionMask = 2147483647;
			files = (
			);
			runOnlyForDeploymentPostprocessing = 0;
		};
/* End PBXResourcesBuildPhase section */

/* Begin PBXSourcesBuildPhase section */
		654C10331D1E9027007F1EA1 /* Sources */ = {
			isa = PBXSourcesBuildPhase;
			buildActionMask = 2147483647;
			files = (
				65EDBF2A1D2299620074FAE6 /* LCRemoveNodeFromList.swift in Sources */,
				65EDBF211D228DEA0074FAE6 /* LCUniquePaths.swift in Sources */,
				654C103D1D1E9027007F1EA1 /* ViewController.swift in Sources */,
				65EDBF111D22473F0074FAE6 /* LCFindPeakElement.swift in Sources */,
				65EDBEF21D21FA420074FAE6 /* LCCompareStrings.swift in Sources */,
				65EDBEF51D2202FD0074FAE6 /* LCFirstPosition.swift in Sources */,
				65EDBEF31D21FA420074FAE6 /* LCStrStr.swift in Sources */,
				65EDBEF01D21FA420074FAE6 /* LCSearch2DMatrix.swift in Sources */,
				65EDBF171D2288150074FAE6 /* LCFlipBits.swift in Sources */,
				65EDBEF11D21FA420074FAE6 /* LCAnagrams.swift in Sources */,
				65EDBF281D2298560074FAE6 /* LCLinkedListNode.swift in Sources */,
				654C103B1D1E9027007F1EA1 /* AppDelegate.swift in Sources */,
				65EDBEED1D21FA420074FAE6 /* LCRemoveDuplicates.swift in Sources */,
				65EDBF0C1D2245440074FAE6 /* LCFindMinimum.swift in Sources */,
				65EDBF331D234BE30074FAE6 /* LCMergeTwoLists.swift in Sources */,
				65EDBEEE1D21FA420074FAE6 /* LCRemoveElement.swift in Sources */,
				65EDBF381D2354EC0074FAE6 /* LCRemoveDuplicatesFromList.swift in Sources */,
				65EDBEEF1D21FA420074FAE6 /* LCSubarraySum.swift in Sources */,
				65EDBF1C1D228BE60074FAE6 /* LCCheckPowerOf2.swift in Sources */,
				65EDBF2D1D23162B0074FAE6 /* LCLinkedList.swift in Sources */,
			);
			runOnlyForDeploymentPostprocessing = 0;
		};
		654C10471D1E9027007F1EA1 /* Sources */ = {
			isa = PBXSourcesBuildPhase;
			buildActionMask = 2147483647;
			files = (
				65EDBEFB1D220A310074FAE6 /* LCSubarraySum.swift in Sources */,
				65EDBEFE1D220A3A0074FAE6 /* LCCompareStrings.swift in Sources */,
				65EDBF391D237FCF0074FAE6 /* LCRemoveDuplicatesFromList.swift in Sources */,
				65EDBE5F1D1F90B10074FAE6 /* LCAnagramsTest.swift in Sources */,
				65EDBEF91D220A2C0074FAE6 /* LCRemoveDuplicates.swift in Sources */,
				65EDBF2E1D23162B0074FAE6 /* LCLinkedList.swift in Sources */,
				65EDBF311D2323BE0074FAE6 /* LCLinkedListNode.swift in Sources */,
				65EDBEFC1D220A340074FAE6 /* LCSearch2DMatrix.swift in Sources */,
				65EDBF131D22482A0074FAE6 /* LCFindPeakElementTest.swift in Sources */,
				65EDBF221D2293A20074FAE6 /* LCUniquePaths.swift in Sources */,
				65EDBEE21D21F9230074FAE6 /* LCSearch2DMatrixTest.swift in Sources */,
				65EDBF141D2248330074FAE6 /* LCFindPeakElement.swift in Sources */,
				65EDBF1A1D228B2E0074FAE6 /* LCFlipBits.swift in Sources */,
				65EDBEFD1D220A380074FAE6 /* LCAnagrams.swift in Sources */,
				65EDBF301D23221A0074FAE6 /* LCRemoveNodeFromListTest.swift in Sources */,
				65EDBF3B1D2380630074FAE6 /* LCRemoveDuplicatesFromListTest.swift in Sources */,
				65EDBEF81D2204E20074FAE6 /* LCFirstPosition.swift in Sources */,
				65EDBE881D20E73D0074FAE6 /* LCRemoveDuplicatesTest.swift in Sources */,
				65EDBEFF1D220A3D0074FAE6 /* LCStrStr.swift in Sources */,
				65EDBE641D1FA1150074FAE6 /* LCCompareStringsTest.swift in Sources */,
				65EDBEF71D2204DF0074FAE6 /* LCFirstPositionTest.swift in Sources */,
				65EDBEFA1D220A2E0074FAE6 /* LCRemoveElement.swift in Sources */,
				65EDBE7D1D20C0E90074FAE6 /* LCRemoveElementTest.swift in Sources */,
				65EDBF0F1D22465B0074FAE6 /* LCFindMinimum.swift in Sources */,
				65EDBF0E1D22463E0074FAE6 /* LCFindMinimumTest.swift in Sources */,
				654C10501D1E9027007F1EA1 /* swift_lintcodeTests.swift in Sources */,
				65EDBF191D228AB80074FAE6 /* LCFlipBitsTest.swift in Sources */,
				65EDBF1E1D228C860074FAE6 /* LCCheckPowerOf2Test.swift in Sources */,
				65EDBE691D1FAD210074FAE6 /* LCStrStrTest.swift in Sources */,
				65EDBF2B1D2299620074FAE6 /* LCRemoveNodeFromList.swift in Sources */,
				65EDBF361D2353BE0074FAE6 /* LCMergeTwoLists.swift in Sources */,
				65EDBF351D2351AD0074FAE6 /* LCMergeTwoListsTest.swift in Sources */,
				65EDBF1F1D228CFB0074FAE6 /* LCCheckPowerOf2.swift in Sources */,
				65EDBF241D2293B40074FAE6 /* LCUniquePathsTest.swift in Sources */,
				65EDBE821D20C45A0074FAE6 /* LCSubarraySumTest.swift in Sources */,
			);
			runOnlyForDeploymentPostprocessing = 0;
		};
/* End PBXSourcesBuildPhase section */

/* Begin PBXTargetDependency section */
		654C104D1D1E9027007F1EA1 /* PBXTargetDependency */ = {
			isa = PBXTargetDependency;
			target = 654C10361D1E9027007F1EA1 /* swift-lintcode */;
			targetProxy = 654C104C1D1E9027007F1EA1 /* PBXContainerItemProxy */;
		};
/* End PBXTargetDependency section */

/* Begin PBXVariantGroup section */
		654C103E1D1E9027007F1EA1 /* Main.storyboard */ = {
			isa = PBXVariantGroup;
			children = (
				654C103F1D1E9027007F1EA1 /* Base */,
			);
			name = Main.storyboard;
			sourceTree = "<group>";
		};
		654C10431D1E9027007F1EA1 /* LaunchScreen.storyboard */ = {
			isa = PBXVariantGroup;
			children = (
				654C10441D1E9027007F1EA1 /* Base */,
			);
			name = LaunchScreen.storyboard;
			sourceTree = "<group>";
		};
/* End PBXVariantGroup section */

/* Begin XCBuildConfiguration section */
		654C10521D1E9027007F1EA1 /* Debug */ = {
			isa = XCBuildConfiguration;
			buildSettings = {
				ALWAYS_SEARCH_USER_PATHS = NO;
				CLANG_ANALYZER_NONNULL = YES;
				CLANG_CXX_LANGUAGE_STANDARD = "gnu++0x";
				CLANG_CXX_LIBRARY = "libc++";
				CLANG_ENABLE_MODULES = YES;
				CLANG_ENABLE_OBJC_ARC = YES;
				CLANG_WARN_BOOL_CONVERSION = YES;
				CLANG_WARN_CONSTANT_CONVERSION = YES;
				CLANG_WARN_DIRECT_OBJC_ISA_USAGE = YES_ERROR;
				CLANG_WARN_EMPTY_BODY = YES;
				CLANG_WARN_ENUM_CONVERSION = YES;
				CLANG_WARN_INT_CONVERSION = YES;
				CLANG_WARN_OBJC_ROOT_CLASS = YES_ERROR;
				CLANG_WARN_UNREACHABLE_CODE = YES;
				CLANG_WARN__DUPLICATE_METHOD_MATCH = YES;
				"CODE_SIGN_IDENTITY[sdk=iphoneos*]" = "iPhone Developer";
				COPY_PHASE_STRIP = NO;
				DEBUG_INFORMATION_FORMAT = dwarf;
				ENABLE_STRICT_OBJC_MSGSEND = YES;
				ENABLE_TESTABILITY = YES;
				GCC_C_LANGUAGE_STANDARD = gnu99;
				GCC_DYNAMIC_NO_PIC = NO;
				GCC_NO_COMMON_BLOCKS = YES;
				GCC_OPTIMIZATION_LEVEL = 0;
				GCC_PREPROCESSOR_DEFINITIONS = (
					"DEBUG=1",
					"$(inherited)",
				);
				GCC_WARN_64_TO_32_BIT_CONVERSION = YES;
				GCC_WARN_ABOUT_RETURN_TYPE = YES_ERROR;
				GCC_WARN_UNDECLARED_SELECTOR = YES;
				GCC_WARN_UNINITIALIZED_AUTOS = YES_AGGRESSIVE;
				GCC_WARN_UNUSED_FUNCTION = YES;
				GCC_WARN_UNUSED_VARIABLE = YES;
				IPHONEOS_DEPLOYMENT_TARGET = 9.3;
				MTL_ENABLE_DEBUG_INFO = YES;
				ONLY_ACTIVE_ARCH = YES;
				SDKROOT = iphoneos;
				SWIFT_OPTIMIZATION_LEVEL = "-Onone";
				TARGETED_DEVICE_FAMILY = "1,2";
			};
			name = Debug;
		};
		654C10531D1E9027007F1EA1 /* Release */ = {
			isa = XCBuildConfiguration;
			buildSettings = {
				ALWAYS_SEARCH_USER_PATHS = NO;
				CLANG_ANALYZER_NONNULL = YES;
				CLANG_CXX_LANGUAGE_STANDARD = "gnu++0x";
				CLANG_CXX_LIBRARY = "libc++";
				CLANG_ENABLE_MODULES = YES;
				CLANG_ENABLE_OBJC_ARC = YES;
				CLANG_WARN_BOOL_CONVERSION = YES;
				CLANG_WARN_CONSTANT_CONVERSION = YES;
				CLANG_WARN_DIRECT_OBJC_ISA_USAGE = YES_ERROR;
				CLANG_WARN_EMPTY_BODY = YES;
				CLANG_WARN_ENUM_CONVERSION = YES;
				CLANG_WARN_INT_CONVERSION = YES;
				CLANG_WARN_OBJC_ROOT_CLASS = YES_ERROR;
				CLANG_WARN_UNREACHABLE_CODE = YES;
				CLANG_WARN__DUPLICATE_METHOD_MATCH = YES;
				"CODE_SIGN_IDENTITY[sdk=iphoneos*]" = "iPhone Developer";
				COPY_PHASE_STRIP = NO;
				DEBUG_INFORMATION_FORMAT = "dwarf-with-dsym";
				ENABLE_NS_ASSERTIONS = NO;
				ENABLE_STRICT_OBJC_MSGSEND = YES;
				GCC_C_LANGUAGE_STANDARD = gnu99;
				GCC_NO_COMMON_BLOCKS = YES;
				GCC_WARN_64_TO_32_BIT_CONVERSION = YES;
				GCC_WARN_ABOUT_RETURN_TYPE = YES_ERROR;
				GCC_WARN_UNDECLARED_SELECTOR = YES;
				GCC_WARN_UNINITIALIZED_AUTOS = YES_AGGRESSIVE;
				GCC_WARN_UNUSED_FUNCTION = YES;
				GCC_WARN_UNUSED_VARIABLE = YES;
				IPHONEOS_DEPLOYMENT_TARGET = 9.3;
				MTL_ENABLE_DEBUG_INFO = NO;
				SDKROOT = iphoneos;
				TARGETED_DEVICE_FAMILY = "1,2";
				VALIDATE_PRODUCT = YES;
			};
			name = Release;
		};
		654C10551D1E9027007F1EA1 /* Debug */ = {
			isa = XCBuildConfiguration;
			buildSettings = {
				ASSETCATALOG_COMPILER_APPICON_NAME = AppIcon;
				INFOPLIST_FILE = "swift-lintcode/Info.plist";
				LD_RUNPATH_SEARCH_PATHS = "$(inherited) @executable_path/Frameworks";
				PRODUCT_BUNDLE_IDENTIFIER = "com.coreapps.swift-lintcode";
				PRODUCT_NAME = "$(TARGET_NAME)";
			};
			name = Debug;
		};
		654C10561D1E9027007F1EA1 /* Release */ = {
			isa = XCBuildConfiguration;
			buildSettings = {
				ASSETCATALOG_COMPILER_APPICON_NAME = AppIcon;
				INFOPLIST_FILE = "swift-lintcode/Info.plist";
				LD_RUNPATH_SEARCH_PATHS = "$(inherited) @executable_path/Frameworks";
				PRODUCT_BUNDLE_IDENTIFIER = "com.coreapps.swift-lintcode";
				PRODUCT_NAME = "$(TARGET_NAME)";
			};
			name = Release;
		};
		654C10581D1E9027007F1EA1 /* Debug */ = {
			isa = XCBuildConfiguration;
			buildSettings = {
				BUNDLE_LOADER = "$(TEST_HOST)";
				INFOPLIST_FILE = "swift-lintcodeTests/Info.plist";
				LD_RUNPATH_SEARCH_PATHS = "$(inherited) @executable_path/Frameworks @loader_path/Frameworks";
				PRODUCT_BUNDLE_IDENTIFIER = "com.coreapps.swift-lintcodeTests";
				PRODUCT_NAME = "$(TARGET_NAME)";
				TEST_HOST = "$(BUILT_PRODUCTS_DIR)/swift-lintcode.app/swift-lintcode";
			};
			name = Debug;
		};
		654C10591D1E9027007F1EA1 /* Release */ = {
			isa = XCBuildConfiguration;
			buildSettings = {
				BUNDLE_LOADER = "$(TEST_HOST)";
				INFOPLIST_FILE = "swift-lintcodeTests/Info.plist";
				LD_RUNPATH_SEARCH_PATHS = "$(inherited) @executable_path/Frameworks @loader_path/Frameworks";
				PRODUCT_BUNDLE_IDENTIFIER = "com.coreapps.swift-lintcodeTests";
				PRODUCT_NAME = "$(TARGET_NAME)";
				TEST_HOST = "$(BUILT_PRODUCTS_DIR)/swift-lintcode.app/swift-lintcode";
			};
			name = Release;
		};
/* End XCBuildConfiguration section */

/* Begin XCConfigurationList section */
		654C10321D1E9027007F1EA1 /* Build configuration list for PBXProject "swift-lintcode" */ = {
			isa = XCConfigurationList;
			buildConfigurations = (
				654C10521D1E9027007F1EA1 /* Debug */,
				654C10531D1E9027007F1EA1 /* Release */,
			);
			defaultConfigurationIsVisible = 0;
			defaultConfigurationName = Release;
		};
		654C10541D1E9027007F1EA1 /* Build configuration list for PBXNativeTarget "swift-lintcode" */ = {
			isa = XCConfigurationList;
			buildConfigurations = (
				654C10551D1E9027007F1EA1 /* Debug */,
				654C10561D1E9027007F1EA1 /* Release */,
			);
			defaultConfigurationIsVisible = 0;
			defaultConfigurationName = Release;
		};
		654C10571D1E9027007F1EA1 /* Build configuration list for PBXNativeTarget "swift-lintcodeTests" */ = {
			isa = XCConfigurationList;
			buildConfigurations = (
				654C10581D1E9027007F1EA1 /* Debug */,
				654C10591D1E9027007F1EA1 /* Release */,
			);
			defaultConfigurationIsVisible = 0;
			defaultConfigurationName = Release;
		};
/* End XCConfigurationList section */
	};
	rootObject = 654C102F1D1E9027007F1EA1 /* Project object */;
}
